
Microsoft Visual Studio Solution File, Format Version 12.00
Project("{FAE04EC0-301F-11D3-BF4B-00C04F79EFBC}") = "ConsoleApp1", "ConsoleApp1\ConsoleApp1.csproj", "{B8ED73BF-A5B3-4887-806B-9FC2680C938E}"
EndProject
Project("{2150E333-8FDC-42A3-9474-1A3956D46DE8}") = "Task1", "Task1", "{E68A4499-30F3-409E-A40E-6DD2A0AF733E}"
EndProject
Project("{FAE04EC0-301F-11D3-BF4B-00C04F79EFBC}") = "ConsoleApp2", "ConsoleApp2\ConsoleApp2.csproj", "{10548148-950D-485E-AEFB-CA1CF41AD006}"
EndProject
Project("{FAE04EC0-301F-11D3-BF4B-00C04F79EFBC}") = "ConsoleApp3", "ConsoleApp3\ConsoleApp3.csproj", "{74B10531-9C98-4A0F-9204-F4694EE90813}"
EndProject
Project("{2150E333-8FDC-42A3-9474-1A3956D46DE8}") = "Task2", "Task2", "{D587E7C7-316F-4EAE-951A-0FBCE42A351A}"
EndProject
Project("{FAE04EC0-301F-11D3-BF4B-00C04F79EFBC}") = "ClassLibrary1", "ClassLibrary1\ClassLibrary1.csproj", "{24F7950A-AF3E-4DBD-B3A4-DE3C762499C4}"
EndProject
Project("{FAE04EC0-301F-11D3-BF4B-00C04F79EFBC}") = "ConsoleApp4", "ConsoleApp4\ConsoleApp4.csproj", "{4096117F-C943-4715-A8C5-624BDD4A8CCA}"
EndProject
Global
	GlobalSection(SolutionConfigurationPlatforms) = preSolution
		Debug|Any CPU = Debug|Any CPU
		Release|Any CPU = Release|Any CPU
	EndGlobalSection
	GlobalSection(ProjectConfigurationPlatforms) = postSolution
		{B8ED73BF-A5B3-4887-806B-9FC2680C938E}.Debug|Any CPU.ActiveCfg = Debug|Any CPU
		{B8ED73BF-A5B3-4887-806B-9FC2680C938E}.Debug|Any CPU.Build.0 = Debug|Any CPU
		{B8ED73BF-A5B3-4887-806B-9FC2680C938E}.Release|Any CPU.ActiveCfg = Release|Any CPU
		{B8ED73BF-A5B3-4887-806B-9FC2680C938E}.Release|Any CPU.Build.0 = Release|Any CPU
		{10548148-950D-485E-AEFB-CA1CF41AD006}.Debug|Any CPU.ActiveCfg = Debug|Any CPU
		{10548148-950D-485E-AEFB-CA1CF41AD006}.Debug|Any CPU.Build.0 = Debug|Any CPU
		{10548148-950D-485E-AEFB-CA1CF41AD006}.Release|Any CPU.ActiveCfg = Release|Any CPU
		{10548148-950D-485E-AEFB-CA1CF41AD006}.Release|Any CPU.Build.0 = Release|Any CPU
		{74B10531-9C98-4A0F-9204-F4694EE90813}.Debug|Any CPU.ActiveCfg = Debug|Any CPU
		{74B10531-9C98-4A0F-9204-F4694EE90813}.Debug|Any CPU.Build.0 = Debug|Any CPU
		{74B10531-9C98-4A0F-9204-F4694EE90813}.Release|Any CPU.ActiveCfg = Release|Any CPU
		{74B10531-9C98-4A0F-9204-F4694EE90813}.Release|Any CPU.Build.0 = Release|Any CPU
		{24F7950A-AF3E-4DBD-B3A4-DE3C762499C4}.Debug|Any CPU.ActiveCfg = Debug|Any CPU
		{24F7950A-AF3E-4DBD-B3A4-DE3C762499C4}.Debug|Any CPU.Build.0 = Debug|Any CPU
		{24F7950A-AF3E-4DBD-B3A4-DE3C762499C4}.Release|Any CPU.ActiveCfg = Release|Any CPU
		{24F7950A-AF3E-4DBD-B3A4-DE3C762499C4}.Release|Any CPU.Build.0 = Release|Any CPU
		{4096117F-C943-4715-A8C5-624BDD4A8CCA}.Debug|Any CPU.ActiveCfg = Debug|Any CPU
		{4096117F-C943-4715-A8C5-624BDD4A8CCA}.Debug|Any CPU.Build.0 = Debug|Any CPU
		{4096117F-C943-4715-A8C5-624BDD4A8CCA}.Release|Any CPU.ActiveCfg = Release|Any CPU
		{4096117F-C943-4715-A8C5-624BDD4A8CCA}.Release|Any CPU.Build.0 = Release|Any CPU
	EndGlobalSection
	GlobalSection(NestedProjects) = preSolution
		{B8ED73BF-A5B3-4887-806B-9FC2680C938E} = {E68A4499-30F3-409E-A40E-6DD2A0AF733E}
		{10548148-950D-485E-AEFB-CA1CF41AD006} = {E68A4499-30F3-409E-A40E-6DD2A0AF733E}
		{74B10531-9C98-4A0F-9204-F4694EE90813} = {E68A4499-30F3-409E-A40E-6DD2A0AF733E}
		{24F7950A-AF3E-4DBD-B3A4-DE3C762499C4} = {D587E7C7-316F-4EAE-951A-0FBCE42A351A}
		{4096117F-C943-4715-A8C5-624BDD4A8CCA} = {D587E7C7-316F-4EAE-951A-0FBCE42A351A}
	EndGlobalSection
EndGlobal
